{
  "name": "13-Publish NPM package",
  "lockfileVersion": 3,
  "requires": true,
  "packages": {
    "": {
      "dependencies": {
        "codewithraees": "^1.0.1"
      }
    },
    "node_modules/codewithraees": {
      "version": "1.0.1",
      "resolved": "https://registry.npmjs.org/codewithraees/-/codewithraees-1.0.1.tgz",
      "integrity": "sha512-JH+JUY0tTP/k3bECgZJJIE5xKdvot/c7e4TKijxXyE3oLL9S1sf0jeK6GPO63CadaVem7HcECwT7fYKfbT8vkg=="
    }
  }
}
